
Microsoft Visual Studio Solution File, Format Version 12.00
# Visual Studio Version 16
VisualStudioVersion = 25.0.1700.0
MinimumVisualStudioVersion = 10.0.40219.1
Project("{FAE04EC0-301F-11D3-BF4B-00C04F79EFBC}") = "PersonalPhotos2", "PersonalPhotos2\PersonalPhotos2.csproj", "{56B32227-94CA-47AB-AE9D-0BB2CFECE94B}"
EndProject
Project("{FAE04EC0-301F-11D3-BF4B-00C04F79EFBC}") = "Core2", "Core2\Core2.csproj", "{B3F37623-18B4-41DF-A119-0B2D22B889F6}"
EndProject
Project("{FAE04EC0-301F-11D3-BF4B-00C04F79EFBC}") = "PersonalPhotos2.Test", "PersonalPhotos2.Test\PersonalPhotos2.Test.csproj", "{F69FD8DE-2425-4AA3-87CC-09CC0D93ADEF}"
EndProject
Global
	GlobalSection(SolutionConfigurationPlatforms) = preSolution
		Debug|Any CPU = Debug|Any CPU
		Release|Any CPU = Release|Any CPU
	EndGlobalSection
	GlobalSection(ProjectConfigurationPlatforms) = postSolution
		{56B32227-94CA-47AB-AE9D-0BB2CFECE94B}.Debug|Any CPU.ActiveCfg = Debug|Any CPU
		{56B32227-94CA-47AB-AE9D-0BB2CFECE94B}.Debug|Any CPU.Build.0 = Debug|Any CPU
		{56B32227-94CA-47AB-AE9D-0BB2CFECE94B}.Release|Any CPU.ActiveCfg = Release|Any CPU
		{56B32227-94CA-47AB-AE9D-0BB2CFECE94B}.Release|Any CPU.Build.0 = Release|Any CPU
		{B3F37623-18B4-41DF-A119-0B2D22B889F6}.Debug|Any CPU.ActiveCfg = Debug|Any CPU
		{B3F37623-18B4-41DF-A119-0B2D22B889F6}.Debug|Any CPU.Build.0 = Debug|Any CPU
		{B3F37623-18B4-41DF-A119-0B2D22B889F6}.Release|Any CPU.ActiveCfg = Release|Any CPU
		{B3F37623-18B4-41DF-A119-0B2D22B889F6}.Release|Any CPU.Build.0 = Release|Any CPU
		{F69FD8DE-2425-4AA3-87CC-09CC0D93ADEF}.Debug|Any CPU.ActiveCfg = Debug|Any CPU
		{F69FD8DE-2425-4AA3-87CC-09CC0D93ADEF}.Debug|Any CPU.Build.0 = Debug|Any CPU
		{F69FD8DE-2425-4AA3-87CC-09CC0D93ADEF}.Release|Any CPU.ActiveCfg = Release|Any CPU
		{F69FD8DE-2425-4AA3-87CC-09CC0D93ADEF}.Release|Any CPU.Build.0 = Release|Any CPU
	EndGlobalSection
	GlobalSection(SolutionProperties) = preSolution
		HideSolutionNode = FALSE
	EndGlobalSection
	GlobalSection(ExtensibilityGlobals) = postSolution
		SolutionGuid = {BCA0E048-A303-4183-925D-32EB692B6669}
	EndGlobalSection
EndGlobal
